<Solution>
  <Folder Name="/Solution Items/">
    <File Path=".github/workflows/build.yml" />
    <File Path=".gitignore" />
    <File Path="Dockerfile" />
    <File Path="global.json" />
    <File Path="nuget.config" />
  </Folder>
  <Project Path="TranslateServer/TranslateServer.csproj" />
  <Project Path="TranslateServer.Tests/TranslateServer.Tests.csproj" />
</Solution>
