
Microsoft Visual Studio Solution File, Format Version 12.00
# Visual Studio Version 17
VisualStudioVersion = 17.4.33110.190
MinimumVisualStudioVersion = 10.0.40219.1
Project("{9A19103F-16F7-4668-BE54-9A1E7A4F7556}") = "TranslateServer", "TranslateServer\TranslateServer.csproj", "{F752CF0B-15BB-44EA-8B54-C176B56B7190}"
EndProject
Project("{2150E333-8FDC-42A3-9474-1A3956D46DE8}") = "Solution Items", "Solution Items", "{D900FB17-CE9B-4973-AFCC-0B4C3C7C43FF}"
	ProjectSection(SolutionItems) = preProject
		.gitignore = .gitignore
		.github\workflows\build.yml = .github\workflows\build.yml
		Dockerfile = Dockerfile
	EndProjectSection
EndProject
Global
	GlobalSection(SolutionConfigurationPlatforms) = preSolution
		Debug|Any CPU = Debug|Any CPU
		Release|Any CPU = Release|Any CPU
	EndGlobalSection
	GlobalSection(ProjectConfigurationPlatforms) = postSolution
		{F752CF0B-15BB-44EA-8B54-C176B56B7190}.Debug|Any CPU.ActiveCfg = Debug|Any CPU
		{F752CF0B-15BB-44EA-8B54-C176B56B7190}.Debug|Any CPU.Build.0 = Debug|Any CPU
		{F752CF0B-15BB-44EA-8B54-C176B56B7190}.Release|Any CPU.ActiveCfg = Release|Any CPU
		{F752CF0B-15BB-44EA-8B54-C176B56B7190}.Release|Any CPU.Build.0 = Release|Any CPU
	EndGlobalSection
	GlobalSection(SolutionProperties) = preSolution
		HideSolutionNode = FALSE
	EndGlobalSection
	GlobalSection(ExtensibilityGlobals) = postSolution
		SolutionGuid = {2033E903-DCC7-4A1D-89C6-D2BE96D797A5}
	EndGlobalSection
EndGlobal
